%{
  "elixir_make": {:hex, :elixir_make, "0.4.2", "332c649d08c18bc1ecc73b1befc68c647136de4f340b548844efc796405743bf", [:mix], [], "hexpm"},
  "jason": {:hex, :jason, "1.1.2", "b03dedea67a99223a2eaf9f1264ce37154564de899fd3d8b9a21b1a6fd64afe7", [:mix], [{:decimal, "~> 1.0", [hex: :decimal, repo: "hexpm", optional: true]}], "hexpm"},
  "netstrings": {:hex, :netstrings, "2.0.6", "99cc9f3b88b8a39558a5ecf6606dec84b7b4ec356ef6d68532c8c7f072a06e94", [:mix], [], "hexpm"},
  "porcelain": {:hex, :porcelain, "2.0.3", "2d77b17d1f21fed875b8c5ecba72a01533db2013bd2e5e62c6d286c029150fdc", [:mix], [], "hexpm"},
  "scenic": {:hex, :scenic, "0.9.0", "129594f918b4e2dd97465b95b4fb3582294ac6bb3e931f12edd09913743964eb", [:make, :mix], [{:elixir_make, "~> 0.4", [hex: :elixir_make, repo: "hexpm", optional: false]}], "hexpm"},
  "scenic_driver_glfw": {:hex, :scenic_driver_glfw, "0.9.0", "4c7a8300b71ec7174bc7f7d142d1eefbfe345520ed303bab2716a65fc9a21a8c", [:make, :mix], [{:elixir_make, "~> 0.4", [hex: :elixir_make, repo: "hexpm", optional: false]}, {:scenic, "~> 0.9", [hex: :scenic, repo: "hexpm", optional: false]}], "hexpm"},
  "socket": {:hex, :socket, "0.3.13", "98a2ab20ce17f95fb512c5cadddba32b57273e0d2dba2d2e5f976c5969d0c632", [:mix], [], "hexpm"},
}
